
Microsoft Visual Studio Solution File, Format Version 12.00
# Visual Studio Version 17
VisualStudioVersion = 17.13.35818.85
MinimumVisualStudioVersion = 10.0.40219.1
Project("{8BC9CEB8-8B4A-11D0-8D11-00A0C91BC942}") = "Spade", "Spade\Spade.vcxproj", "{839FBEB0-023C-4049-9B43-44D4480E23E8}"
	ProjectSection(ProjectDependencies) = postProject
		{03DD522F-7C1C-4EE1-BCAD-477D9679E3BA} = {03DD522F-7C1C-4EE1-BCAD-477D9679E3BA}
	EndProjectSection
EndProject
Project("{8BC9CEB8-8B4A-11D0-8D11-00A0C91BC942}") = "Gravel", "Gravel\Gravel.vcxproj", "{03DD522F-7C1C-4EE1-BCAD-477D9679E3BA}"
	ProjectSection(ProjectDependencies) = postProject
		{DFDEE202-148A-45E7-A4E7-50D9BDC264DB} = {DFDEE202-148A-45E7-A4E7-50D9BDC264DB}
	EndProjectSection
EndProject
Project("{8BC9CEB8-8B4A-11D0-8D11-00A0C91BC942}") = "Mod", "Mod\Cpp\Mod.vcxproj", "{DFDEE202-148A-45E7-A4E7-50D9BDC264DB}"
EndProject
Project("{2150E333-8FDC-42A3-9474-1A3956D46DE8}") = "Solution Items", "Solution Items", "{8EC462FD-D22E-90A8-E5CE-7E832BA40C5D}"
	ProjectSection(SolutionItems) = preProject
		Spade\.gitignore = Spade\.gitignore
		README.md = README.md
		Spade\vcpkg.json = Spade\vcpkg.json
	EndProjectSection
EndProject
Global
	GlobalSection(SolutionConfigurationPlatforms) = preSolution
		Debug|x64 = Debug|x64
		Debug|x86 = Debug|x86
		Release|x64 = Release|x64
		Release|x86 = Release|x86
	EndGlobalSection
	GlobalSection(ProjectConfigurationPlatforms) = postSolution
		{839FBEB0-023C-4049-9B43-44D4480E23E8}.Debug|x64.ActiveCfg = Debug|x64
		{839FBEB0-023C-4049-9B43-44D4480E23E8}.Debug|x64.Build.0 = Debug|x64
		{839FBEB0-023C-4049-9B43-44D4480E23E8}.Debug|x86.ActiveCfg = Debug|Win32
		{839FBEB0-023C-4049-9B43-44D4480E23E8}.Debug|x86.Build.0 = Debug|Win32
		{839FBEB0-023C-4049-9B43-44D4480E23E8}.Release|x64.ActiveCfg = Release|x64
		{839FBEB0-023C-4049-9B43-44D4480E23E8}.Release|x64.Build.0 = Release|x64
		{839FBEB0-023C-4049-9B43-44D4480E23E8}.Release|x86.ActiveCfg = Release|Win32
		{839FBEB0-023C-4049-9B43-44D4480E23E8}.Release|x86.Build.0 = Release|Win32
		{03DD522F-7C1C-4EE1-BCAD-477D9679E3BA}.Debug|x64.ActiveCfg = Debug|x64
		{03DD522F-7C1C-4EE1-BCAD-477D9679E3BA}.Debug|x64.Build.0 = Debug|x64
		{03DD522F-7C1C-4EE1-BCAD-477D9679E3BA}.Debug|x86.ActiveCfg = Debug|Win32
		{03DD522F-7C1C-4EE1-BCAD-477D9679E3BA}.Debug|x86.Build.0 = Debug|Win32
		{03DD522F-7C1C-4EE1-BCAD-477D9679E3BA}.Release|x64.ActiveCfg = Release|x64
		{03DD522F-7C1C-4EE1-BCAD-477D9679E3BA}.Release|x64.Build.0 = Release|x64
		{03DD522F-7C1C-4EE1-BCAD-477D9679E3BA}.Release|x86.ActiveCfg = Release|Win32
		{03DD522F-7C1C-4EE1-BCAD-477D9679E3BA}.Release|x86.Build.0 = Release|Win32
		{DFDEE202-148A-45E7-A4E7-50D9BDC264DB}.Debug|x64.ActiveCfg = Debug|x64
		{DFDEE202-148A-45E7-A4E7-50D9BDC264DB}.Debug|x64.Build.0 = Debug|x64
		{DFDEE202-148A-45E7-A4E7-50D9BDC264DB}.Debug|x86.ActiveCfg = Debug|Win32
		{DFDEE202-148A-45E7-A4E7-50D9BDC264DB}.Debug|x86.Build.0 = Debug|Win32
		{DFDEE202-148A-45E7-A4E7-50D9BDC264DB}.Release|x64.ActiveCfg = Release|x64
		{DFDEE202-148A-45E7-A4E7-50D9BDC264DB}.Release|x64.Build.0 = Release|x64
		{DFDEE202-148A-45E7-A4E7-50D9BDC264DB}.Release|x86.ActiveCfg = Release|Win32
		{DFDEE202-148A-45E7-A4E7-50D9BDC264DB}.Release|x86.Build.0 = Release|Win32
	EndGlobalSection
	GlobalSection(SolutionProperties) = preSolution
		HideSolutionNode = FALSE
	EndGlobalSection
	GlobalSection(ExtensibilityGlobals) = postSolution
		SolutionGuid = {A9458EB9-2CC8-4689-8398-B45F7011BE60}
	EndGlobalSection
EndGlobal
